// !$*UTF8*$!
{
	archiveVersion = 1;
	classes = {
	};
	objectVersion = 55;
	objects = {

/* Begin PBXBuildFile section */
		FAD633CB29A4263100FEDA6B /* AppDelegate.swift in Sources */ = {isa = PBXBuildFile; fileRef = FAD633CA29A4263100FEDA6B /* AppDelegate.swift */; };
		FAD633CD29A4263100FEDA6B /* SceneDelegate.swift in Sources */ = {isa = PBXBuildFile; fileRef = FAD633CC29A4263100FEDA6B /* SceneDelegate.swift */; };
		FAD633CF29A4263100FEDA6B /* ViewController.swift in Sources */ = {isa = PBXBuildFile; fileRef = FAD633CE29A4263100FEDA6B /* ViewController.swift */; };
		FAD633D229A4263100FEDA6B /* Main.storyboard in Resources */ = {isa = PBXBuildFile; fileRef = FAD633D029A4263100FEDA6B /* Main.storyboard */; };
		FAD633D429A4263300FEDA6B /* Assets.xcassets in Resources */ = {isa = PBXBuildFile; fileRef = FAD633D329A4263300FEDA6B /* Assets.xcassets */; };
		FAD633D729A4263300FEDA6B /* LaunchScreen.storyboard in Resources */ = {isa = PBXBuildFile; fileRef = FAD633D529A4263300FEDA6B /* LaunchScreen.storyboard */; };
		FAD633E229A4263400FEDA6B /* sprint3Tests.swift in Sources */ = {isa = PBXBuildFile; fileRef = FAD633E129A4263400FEDA6B /* sprint3Tests.swift */; };
		FAD633EC29A4263400FEDA6B /* sprint3UITests.swift in Sources */ = {isa = PBXBuildFile; fileRef = FAD633EB29A4263400FEDA6B /* sprint3UITests.swift */; };
		FAD633EE29A4263400FEDA6B /* sprint3UITestsLaunchTests.swift in Sources */ = {isa = PBXBuildFile; fileRef = FAD633ED29A4263400FEDA6B /* sprint3UITestsLaunchTests.swift */; };
/* End PBXBuildFile section */

/* Begin PBXContainerItemProxy section */
		FAD633DE29A4263400FEDA6B /* PBXContainerItemProxy */ = {
			isa = PBXContainerItemProxy;
			containerPortal = FAD633BF29A4263100FEDA6B /* Project object */;
			proxyType = 1;
			remoteGlobalIDString = FAD633C629A4263100FEDA6B;
			remoteInfo = sprint3;
		};
		FAD633E829A4263400FEDA6B /* PBXContainerItemProxy */ = {
			isa = PBXContainerItemProxy;
			containerPortal = FAD633BF29A4263100FEDA6B /* Project object */;
			proxyType = 1;
			remoteGlobalIDString = FAD633C629A4263100FEDA6B;
			remoteInfo = sprint3;
		};
/* End PBXContainerItemProxy section */

/* Begin PBXFileReference section */
		FAD633C729A4263100FEDA6B /* sprint3.app */ = {isa = PBXFileReference; explicitFileType = wrapper.application; includeInIndex = 0; path = sprint3.app; sourceTree = BUILT_PRODUCTS_DIR; };
		FAD633CA29A4263100FEDA6B /* AppDelegate.swift */ = {isa = PBXFileReference; lastKnownFileType = sourcecode.swift; path = AppDelegate.swift; sourceTree = "<group>"; };
		FAD633CC29A4263100FEDA6B /* SceneDelegate.swift */ = {isa = PBXFileReference; lastKnownFileType = sourcecode.swift; path = SceneDelegate.swift; sourceTree = "<group>"; };
		FAD633CE29A4263100FEDA6B /* ViewController.swift */ = {isa = PBXFileReference; lastKnownFileType = sourcecode.swift; path = ViewController.swift; sourceTree = "<group>"; };
		FAD633D129A4263100FEDA6B /* Base */ = {isa = PBXFileReference; lastKnownFileType = file.storyboard; name = Base; path = Base.lproj/Main.storyboard; sourceTree = "<group>"; };
		FAD633D329A4263300FEDA6B /* Assets.xcassets */ = {isa = PBXFileReference; lastKnownFileType = folder.assetcatalog; path = Assets.xcassets; sourceTree = "<group>"; };
		FAD633D629A4263300FEDA6B /* Base */ = {isa = PBXFileReference; lastKnownFileType = file.storyboard; name = Base; path = Base.lproj/LaunchScreen.storyboard; sourceTree = "<group>"; };
		FAD633D829A4263300FEDA6B /* Info.plist */ = {isa = PBXFileReference; lastKnownFileType = text.plist.xml; path = Info.plist; sourceTree = "<group>"; };
		FAD633DD29A4263400FEDA6B /* sprint3Tests.xctest */ = {isa = PBXFileReference; explicitFileType = wrapper.cfbundle; includeInIndex = 0; path = sprint3Tests.xctest; sourceTree = BUILT_PRODUCTS_DIR; };
		FAD633E129A4263400FEDA6B /* sprint3Tests.swift */ = {isa = PBXFileReference; lastKnownFileType = sourcecode.swift; path = sprint3Tests.swift; sourceTree = "<group>"; };
		FAD633E729A4263400FEDA6B /* sprint3UITests.xctest */ = {isa = PBXFileReference; explicitFileType = wrapper.cfbundle; includeInIndex = 0; path = sprint3UITests.xctest; sourceTree = BUILT_PRODUCTS_DIR; };
		FAD633EB29A4263400FEDA6B /* sprint3UITests.swift */ = {isa = PBXFileReference; lastKnownFileType = sourcecode.swift; path = sprint3UITests.swift; sourceTree = "<group>"; };
		FAD633ED29A4263400FEDA6B /* sprint3UITestsLaunchTests.swift */ = {isa = PBXFileReference; lastKnownFileType = sourcecode.swift; path = sprint3UITestsLaunchTests.swift; sourceTree = "<group>"; };
/* End PBXFileReference section */

/* Begin PBXFrameworksBuildPhase section */
		FAD633C429A4263100FEDA6B /* Frameworks */ = {
			isa = PBXFrameworksBuildPhase;
			buildActionMask = 2147483647;
			files = (
			);
			runOnlyForDeploymentPostprocessing = 0;
		};
		FAD633DA29A4263400FEDA6B /* Frameworks */ = {
			isa = PBXFrameworksBuildPhase;
			buildActionMask = 2147483647;
			files = (
			);
			runOnlyForDeploymentPostprocessing = 0;
		};
		FAD633E429A4263400FEDA6B /* Frameworks */ = {
			isa = PBXFrameworksBuildPhase;
			buildActionMask = 2147483647;
			files = (
			);
			runOnlyForDeploymentPostprocessing = 0;
		};
/* End PBXFrameworksBuildPhase section */

/* Begin PBXGroup section */
		FAD633BE29A4263100FEDA6B = {
			isa = PBXGroup;
			children = (
				FAD633C929A4263100FEDA6B /* sprint3 */,
				FAD633E029A4263400FEDA6B /* sprint3Tests */,
				FAD633EA29A4263400FEDA6B /* sprint3UITests */,
				FAD633C829A4263100FEDA6B /* Products */,
			);
			sourceTree = "<group>";
		};
		FAD633C829A4263100FEDA6B /* Products */ = {
			isa = PBXGroup;
			children = (
				FAD633C729A4263100FEDA6B /* sprint3.app */,
				FAD633DD29A4263400FEDA6B /* sprint3Tests.xctest */,
				FAD633E729A4263400FEDA6B /* sprint3UITests.xctest */,
			);
			name = Products;
			sourceTree = "<group>";
		};
		FAD633C929A4263100FEDA6B /* sprint3 */ = {
			isa = PBXGroup;
			children = (
				FAD633CA29A4263100FEDA6B /* AppDelegate.swift */,
				FAD633CC29A4263100FEDA6B /* SceneDelegate.swift */,
				FAD633CE29A4263100FEDA6B /* ViewController.swift */,
				FAD633D029A4263100FEDA6B /* Main.storyboard */,
				FAD633D329A4263300FEDA6B /* Assets.xcassets */,
				FAD633D529A4263300FEDA6B /* LaunchScreen.storyboard */,
				FAD633D829A4263300FEDA6B /* Info.plist */,
			);
			path = sprint3;
			sourceTree = "<group>";
		};
		FAD633E029A4263400FEDA6B /* sprint3Tests */ = {
			isa = PBXGroup;
			children = (
				FAD633E129A4263400FEDA6B /* sprint3Tests.swift */,
			);
			path = sprint3Tests;
			sourceTree = "<group>";
		};
		FAD633EA29A4263400FEDA6B /* sprint3UITests */ = {
			isa = PBXGroup;
			children = (
				FAD633EB29A4263400FEDA6B /* sprint3UITests.swift */,
				FAD633ED29A4263400FEDA6B /* sprint3UITestsLaunchTests.swift */,
			);
			path = sprint3UITests;
			sourceTree = "<group>";
		};
/* End PBXGroup section */

/* Begin PBXNativeTarget section */
		FAD633C629A4263100FEDA6B /* sprint3 */ = {
			isa = PBXNativeTarget;
			buildConfigurationList = FAD633F129A4263400FEDA6B /* Build configuration list for PBXNativeTarget "sprint3" */;
			buildPhases = (
				FAD633C329A4263100FEDA6B /* Sources */,
				FAD633C429A4263100FEDA6B /* Frameworks */,
				FAD633C529A4263100FEDA6B /* Resources */,
			);
			buildRules = (
			);
			dependencies = (
			);
			name = sprint3;
			productName = sprint3;
			productReference = FAD633C729A4263100FEDA6B /* sprint3.app */;
			productType = "com.apple.product-type.application";
		};
		FAD633DC29A4263400FEDA6B /* sprint3Tests */ = {
			isa = PBXNativeTarget;
			buildConfigurationList = FAD633F429A4263400FEDA6B /* Build configuration list for PBXNativeTarget "sprint3Tests" */;
			buildPhases = (
				FAD633D929A4263400FEDA6B /* Sources */,
				FAD633DA29A4263400FEDA6B /* Frameworks */,
				FAD633DB29A4263400FEDA6B /* Resources */,
			);
			buildRules = (
			);
			dependencies = (
				FAD633DF29A4263400FEDA6B /* PBXTargetDependency */,
			);
			name = sprint3Tests;
			productName = sprint3Tests;
			productReference = FAD633DD29A4263400FEDA6B /* sprint3Tests.xctest */;
			productType = "com.apple.product-type.bundle.unit-test";
		};
		FAD633E629A4263400FEDA6B /* sprint3UITests */ = {
			isa = PBXNativeTarget;
			buildConfigurationList = FAD633F729A4263400FEDA6B /* Build configuration list for PBXNativeTarget "sprint3UITests" */;
			buildPhases = (
				FAD633E329A4263400FEDA6B /* Sources */,
				FAD633E429A4263400FEDA6B /* Frameworks */,
				FAD633E529A4263400FEDA6B /* Resources */,
			);
			buildRules = (
			);
			dependencies = (
				FAD633E929A4263400FEDA6B /* PBXTargetDependency */,
			);
			name = sprint3UITests;
			productName = sprint3UITests;
			productReference = FAD633E729A4263400FEDA6B /* sprint3UITests.xctest */;
			productType = "com.apple.product-type.bundle.ui-testing";
		};
/* End PBXNativeTarget section */

/* Begin PBXProject section */
		FAD633BF29A4263100FEDA6B /* Project object */ = {
			isa = PBXProject;
			attributes = {
				BuildIndependentTargetsInParallel = 1;
				LastSwiftUpdateCheck = 1340;
				LastUpgradeCheck = 1340;
				TargetAttributes = {
					FAD633C629A4263100FEDA6B = {
						CreatedOnToolsVersion = 13.4.1;
					};
					FAD633DC29A4263400FEDA6B = {
						CreatedOnToolsVersion = 13.4.1;
						TestTargetID = FAD633C629A4263100FEDA6B;
					};
					FAD633E629A4263400FEDA6B = {
						CreatedOnToolsVersion = 13.4.1;
						TestTargetID = FAD633C629A4263100FEDA6B;
					};
				};
			};
			buildConfigurationList = FAD633C229A4263100FEDA6B /* Build configuration list for PBXProject "sprint3" */;
			compatibilityVersion = "Xcode 13.0";
			developmentRegion = en;
			hasScannedForEncodings = 0;
			knownRegions = (
				en,
				Base,
			);
			mainGroup = FAD633BE29A4263100FEDA6B;
			productRefGroup = FAD633C829A4263100FEDA6B /* Products */;
			projectDirPath = "";
			projectRoot = "";
			targets = (
				FAD633C629A4263100FEDA6B /* sprint3 */,
				FAD633DC29A4263400FEDA6B /* sprint3Tests */,
				FAD633E629A4263400FEDA6B /* sprint3UITests */,
			);
		};
/* End PBXProject section */

/* Begin PBXResourcesBuildPhase section */
		FAD633C529A4263100FEDA6B /* Resources */ = {
			isa = PBXResourcesBuildPhase;
			buildActionMask = 2147483647;
			files = (
				FAD633D729A4263300FEDA6B /* LaunchScreen.storyboard in Resources */,
				FAD633D429A4263300FEDA6B /* Assets.xcassets in Resources */,
				FAD633D229A4263100FEDA6B /* Main.storyboard in Resources */,
			);
			runOnlyForDeploymentPostprocessing = 0;
		};
		FAD633DB29A4263400FEDA6B /* Resources */ = {
			isa = PBXResourcesBuildPhase;
			buildActionMask = 2147483647;
			files = (
			);
			runOnlyForDeploymentPostprocessing = 0;
		};
		FAD633E529A4263400FEDA6B /* Resources */ = {
			isa = PBXResourcesBuildPhase;
			buildActionMask = 2147483647;
			files = (
			);
			runOnlyForDeploymentPostprocessing = 0;
		};
/* End PBXResourcesBuildPhase section */

/* Begin PBXSourcesBuildPhase section */
		FAD633C329A4263100FEDA6B /* Sources */ = {
			isa = PBXSourcesBuildPhase;
			buildActionMask = 2147483647;
			files = (
				FAD633CF29A4263100FEDA6B /* ViewController.swift in Sources */,
				FAD633CB29A4263100FEDA6B /* AppDelegate.swift in Sources */,
				FAD633CD29A4263100FEDA6B /* SceneDelegate.swift in Sources */,
			);
			runOnlyForDeploymentPostprocessing = 0;
		};
		FAD633D929A4263400FEDA6B /* Sources */ = {
			isa = PBXSourcesBuildPhase;
			buildActionMask = 2147483647;
			files = (
				FAD633E229A4263400FEDA6B /* sprint3Tests.swift in Sources */,
			);
			runOnlyForDeploymentPostprocessing = 0;
		};
		FAD633E329A4263400FEDA6B /* Sources */ = {
			isa = PBXSourcesBuildPhase;
			buildActionMask = 2147483647;
			files = (
				FAD633EE29A4263400FEDA6B /* sprint3UITestsLaunchTests.swift in Sources */,
				FAD633EC29A4263400FEDA6B /* sprint3UITests.swift in Sources */,
			);
			runOnlyForDeploymentPostprocessing = 0;
		};
/* End PBXSourcesBuildPhase section */

/* Begin PBXTargetDependency section */
		FAD633DF29A4263400FEDA6B /* PBXTargetDependency */ = {
			isa = PBXTargetDependency;
			target = FAD633C629A4263100FEDA6B /* sprint3 */;
			targetProxy = FAD633DE29A4263400FEDA6B /* PBXContainerItemProxy */;
		};
		FAD633E929A4263400FEDA6B /* PBXTargetDependency */ = {
			isa = PBXTargetDependency;
			target = FAD633C629A4263100FEDA6B /* sprint3 */;
			targetProxy = FAD633E829A4263400FEDA6B /* PBXContainerItemProxy */;
		};
/* End PBXTargetDependency section */

/* Begin PBXVariantGroup section */
		FAD633D029A4263100FEDA6B /* Main.storyboard */ = {
			isa = PBXVariantGroup;
			children = (
				FAD633D129A4263100FEDA6B /* Base */,
			);
			name = Main.storyboard;
			sourceTree = "<group>";
		};
		FAD633D529A4263300FEDA6B /* LaunchScreen.storyboard */ = {
			isa = PBXVariantGroup;
			children = (
				FAD633D629A4263300FEDA6B /* Base */,
			);
			name = LaunchScreen.storyboard;
			sourceTree = "<group>";
		};
/* End PBXVariantGroup section */

/* Begin XCBuildConfiguration section */
		FAD633EF29A4263400FEDA6B /* Debug */ = {
			isa = XCBuildConfiguration;
			buildSettings = {
				ALWAYS_SEARCH_USER_PATHS = NO;
				CLANG_ANALYZER_NONNULL = YES;
				CLANG_ANALYZER_NUMBER_OBJECT_CONVERSION = YES_AGGRESSIVE;
				CLANG_CXX_LANGUAGE_STANDARD = "gnu++17";
				CLANG_ENABLE_MODULES = YES;
				CLANG_ENABLE_OBJC_ARC = YES;
				CLANG_ENABLE_OBJC_WEAK = YES;
				CLANG_WARN_BLOCK_CAPTURE_AUTORELEASING = YES;
				CLANG_WARN_BOOL_CONVERSION = YES;
				CLANG_WARN_COMMA = YES;
				CLANG_WARN_CONSTANT_CONVERSION = YES;
				CLANG_WARN_DEPRECATED_OBJC_IMPLEMENTATIONS = YES;
				CLANG_WARN_DIRECT_OBJC_ISA_USAGE = YES_ERROR;
				CLANG_WARN_DOCUMENTATION_COMMENTS = YES;
				CLANG_WARN_EMPTY_BODY = YES;
				CLANG_WARN_ENUM_CONVERSION = YES;
				CLANG_WARN_INFINITE_RECURSION = YES;
				CLANG_WARN_INT_CONVERSION = YES;
				CLANG_WARN_NON_LITERAL_NULL_CONVERSION = YES;
				CLANG_WARN_OBJC_IMPLICIT_RETAIN_SELF = YES;
				CLANG_WARN_OBJC_LITERAL_CONVERSION = YES;
				CLANG_WARN_OBJC_ROOT_CLASS = YES_ERROR;
				CLANG_WARN_QUOTED_INCLUDE_IN_FRAMEWORK_HEADER = YES;
				CLANG_WARN_RANGE_LOOP_ANALYSIS = YES;
				CLANG_WARN_STRICT_PROTOTYPES = YES;
				CLANG_WARN_SUSPICIOUS_MOVE = YES;
				CLANG_WARN_UNGUARDED_AVAILABILITY = YES_AGGRESSIVE;
				CLANG_WARN_UNREACHABLE_CODE = YES;
				CLANG_WARN__DUPLICATE_METHOD_MATCH = YES;
				COPY_PHASE_STRIP = NO;
				DEBUG_INFORMATION_FORMAT = dwarf;
				ENABLE_STRICT_OBJC_MSGSEND = YES;
				ENABLE_TESTABILITY = YES;
				GCC_C_LANGUAGE_STANDARD = gnu11;
				GCC_DYNAMIC_NO_PIC = NO;
				GCC_NO_COMMON_BLOCKS = YES;
				GCC_OPTIMIZATION_LEVEL = 0;
				GCC_PREPROCESSOR_DEFINITIONS = (
					"DEBUG=1",
					"$(inherited)",
				);
				GCC_WARN_64_TO_32_BIT_CONVERSION = YES;
				GCC_WARN_ABOUT_RETURN_TYPE = YES_ERROR;
				GCC_WARN_UNDECLARED_SELECTOR = YES;
				GCC_WARN_UNINITIALIZED_AUTOS = YES_AGGRESSIVE;
				GCC_WARN_UNUSED_FUNCTION = YES;
				GCC_WARN_UNUSED_VARIABLE = YES;
				IPHONEOS_DEPLOYMENT_TARGET = 15.5;
				MTL_ENABLE_DEBUG_INFO = INCLUDE_SOURCE;
				MTL_FAST_MATH = YES;
				ONLY_ACTIVE_ARCH = YES;
				SDKROOT = iphoneos;
				SWIFT_ACTIVE_COMPILATION_CONDITIONS = DEBUG;
				SWIFT_OPTIMIZATION_LEVEL = "-Onone";
			};
			name = Debug;
		};
		FAD633F029A4263400FEDA6B /* Release */ = {
			isa = XCBuildConfiguration;
			buildSettings = {
				ALWAYS_SEARCH_USER_PATHS = NO;
				CLANG_ANALYZER_NONNULL = YES;
				CLANG_ANALYZER_NUMBER_OBJECT_CONVERSION = YES_AGGRESSIVE;
				CLANG_CXX_LANGUAGE_STANDARD = "gnu++17";
				CLANG_ENABLE_MODULES = YES;
				CLANG_ENABLE_OBJC_ARC = YES;
				CLANG_ENABLE_OBJC_WEAK = YES;
				CLANG_WARN_BLOCK_CAPTURE_AUTORELEASING = YES;
				CLANG_WARN_BOOL_CONVERSION = YES;
				CLANG_WARN_COMMA = YES;
				CLANG_WARN_CONSTANT_CONVERSION = YES;
				CLANG_WARN_DEPRECATED_OBJC_IMPLEMENTATIONS = YES;
				CLANG_WARN_DIRECT_OBJC_ISA_USAGE = YES_ERROR;
				CLANG_WARN_DOCUMENTATION_COMMENTS = YES;
				CLANG_WARN_EMPTY_BODY = YES;
				CLANG_WARN_ENUM_CONVERSION = YES;
				CLANG_WARN_INFINITE_RECURSION = YES;
				CLANG_WARN_INT_CONVERSION = YES;
				CLANG_WARN_NON_LITERAL_NULL_CONVERSION = YES;
				CLANG_WARN_OBJC_IMPLICIT_RETAIN_SELF = YES;
				CLANG_WARN_OBJC_LITERAL_CONVERSION = YES;
				CLANG_WARN_OBJC_ROOT_CLASS = YES_ERROR;
				CLANG_WARN_QUOTED_INCLUDE_IN_FRAMEWORK_HEADER = YES;
				CLANG_WARN_RANGE_LOOP_ANALYSIS = YES;
				CLANG_WARN_STRICT_PROTOTYPES = YES;
				CLANG_WARN_SUSPICIOUS_MOVE = YES;
				CLANG_WARN_UNGUARDED_AVAILABILITY = YES_AGGRESSIVE;
				CLANG_WARN_UNREACHABLE_CODE = YES;
				CLANG_WARN__DUPLICATE_METHOD_MATCH = YES;
				COPY_PHASE_STRIP = NO;
				DEBUG_INFORMATION_FORMAT = "dwarf-with-dsym";
				ENABLE_NS_ASSERTIONS = NO;
				ENABLE_STRICT_OBJC_MSGSEND = YES;
				GCC_C_LANGUAGE_STANDARD = gnu11;
				GCC_NO_COMMON_BLOCKS = YES;
				GCC_WARN_64_TO_32_BIT_CONVERSION = YES;
				GCC_WARN_ABOUT_RETURN_TYPE = YES_ERROR;
				GCC_WARN_UNDECLARED_SELECTOR = YES;
				GCC_WARN_UNINITIALIZED_AUTOS = YES_AGGRESSIVE;
				GCC_WARN_UNUSED_FUNCTION = YES;
				GCC_WARN_UNUSED_VARIABLE = YES;
				IPHONEOS_DEPLOYMENT_TARGET = 15.5;
				MTL_ENABLE_DEBUG_INFO = NO;
				MTL_FAST_MATH = YES;
				SDKROOT = iphoneos;
				SWIFT_COMPILATION_MODE = wholemodule;
				SWIFT_OPTIMIZATION_LEVEL = "-O";
				VALIDATE_PRODUCT = YES;
			};
			name = Release;
		};
		FAD633F229A4263400FEDA6B /* Debug */ = {
			isa = XCBuildConfiguration;
			buildSettings = {
				ASSETCATALOG_COMPILER_APPICON_NAME = AppIcon;
				ASSETCATALOG_COMPILER_GLOBAL_ACCENT_COLOR_NAME = AccentColor;
				CODE_SIGN_STYLE = Automatic;
				CURRENT_PROJECT_VERSION = 1;
				DEVELOPMENT_TEAM = V35NJL6RKL;
				GENERATE_INFOPLIST_FILE = YES;
				INFOPLIST_FILE = sprint3/Info.plist;
				INFOPLIST_KEY_UIApplicationSupportsIndirectInputEvents = YES;
				INFOPLIST_KEY_UILaunchStoryboardName = LaunchScreen;
				INFOPLIST_KEY_UIMainStoryboardFile = Main;
				INFOPLIST_KEY_UISupportedInterfaceOrientations_iPad = "UIInterfaceOrientationPortrait UIInterfaceOrientationPortraitUpsideDown UIInterfaceOrientationLandscapeLeft UIInterfaceOrientationLandscapeRight";
				INFOPLIST_KEY_UISupportedInterfaceOrientations_iPhone = "UIInterfaceOrientationPortrait UIInterfaceOrientationLandscapeLeft UIInterfaceOrientationLandscapeRight";
				LD_RUNPATH_SEARCH_PATHS = (
					"$(inherited)",
					"@executable_path/Frameworks",
				);
				MARKETING_VERSION = 1.0;
				PRODUCT_BUNDLE_IDENTIFIER = test.sprint3;
				PRODUCT_NAME = "$(TARGET_NAME)";
				SWIFT_EMIT_LOC_STRINGS = YES;
				SWIFT_VERSION = 5.0;
				TARGETED_DEVICE_FAMILY = "1,2";
			};
			name = Debug;
		};
		FAD633F329A4263400FEDA6B /* Release */ = {
			isa = XCBuildConfiguration;
			buildSettings = {
				ASSETCATALOG_COMPILER_APPICON_NAME = AppIcon;
				ASSETCATALOG_COMPILER_GLOBAL_ACCENT_COLOR_NAME = AccentColor;
				CODE_SIGN_STYLE = Automatic;
				CURRENT_PROJECT_VERSION = 1;
				DEVELOPMENT_TEAM = V35NJL6RKL;
				GENERATE_INFOPLIST_FILE = YES;
				INFOPLIST_FILE = sprint3/Info.plist;
				INFOPLIST_KEY_UIApplicationSupportsIndirectInputEvents = YES;
				INFOPLIST_KEY_UILaunchStoryboardName = LaunchScreen;
				INFOPLIST_KEY_UIMainStoryboardFile = Main;
				INFOPLIST_KEY_UISupportedInterfaceOrientations_iPad = "UIInterfaceOrientationPortrait UIInterfaceOrientationPortraitUpsideDown UIInterfaceOrientationLandscapeLeft UIInterfaceOrientationLandscapeRight";
				INFOPLIST_KEY_UISupportedInterfaceOrientations_iPhone = "UIInterfaceOrientationPortrait UIInterfaceOrientationLandscapeLeft UIInterfaceOrientationLandscapeRight";
				LD_RUNPATH_SEARCH_PATHS = (
					"$(inherited)",
					"@executable_path/Frameworks",
				);
				MARKETING_VERSION = 1.0;
				PRODUCT_BUNDLE_IDENTIFIER = test.sprint3;
				PRODUCT_NAME = "$(TARGET_NAME)";
				SWIFT_EMIT_LOC_STRINGS = YES;
				SWIFT_VERSION = 5.0;
				TARGETED_DEVICE_FAMILY = "1,2";
			};
			name = Release;
		};
		FAD633F529A4263400FEDA6B /* Debug */ = {
			isa = XCBuildConfiguration;
			buildSettings = {
				ALWAYS_EMBED_SWIFT_STANDARD_LIBRARIES = YES;
				BUNDLE_LOADER = "$(TEST_HOST)";
				CODE_SIGN_STYLE = Automatic;
				CURRENT_PROJECT_VERSION = 1;
				DEVELOPMENT_TEAM = V35NJL6RKL;
				GENERATE_INFOPLIST_FILE = YES;
				IPHONEOS_DEPLOYMENT_TARGET = 15.5;
				MARKETING_VERSION = 1.0;
				PRODUCT_BUNDLE_IDENTIFIER = test.sprint3Tests;
				PRODUCT_NAME = "$(TARGET_NAME)";
				SWIFT_EMIT_LOC_STRINGS = NO;
				SWIFT_VERSION = 5.0;
				TARGETED_DEVICE_FAMILY = "1,2";
				TEST_HOST = "$(BUILT_PRODUCTS_DIR)/sprint3.app/sprint3";
			};
			name = Debug;
		};
		FAD633F629A4263400FEDA6B /* Release */ = {
			isa = XCBuildConfiguration;
			buildSettings = {
				ALWAYS_EMBED_SWIFT_STANDARD_LIBRARIES = YES;
				BUNDLE_LOADER = "$(TEST_HOST)";
				CODE_SIGN_STYLE = Automatic;
				CURRENT_PROJECT_VERSION = 1;
				DEVELOPMENT_TEAM = V35NJL6RKL;
				GENERATE_INFOPLIST_FILE = YES;
				IPHONEOS_DEPLOYMENT_TARGET = 15.5;
				MARKETING_VERSION = 1.0;
				PRODUCT_BUNDLE_IDENTIFIER = test.sprint3Tests;
				PRODUCT_NAME = "$(TARGET_NAME)";
				SWIFT_EMIT_LOC_STRINGS = NO;
				SWIFT_VERSION = 5.0;
				TARGETED_DEVICE_FAMILY = "1,2";
				TEST_HOST = "$(BUILT_PRODUCTS_DIR)/sprint3.app/sprint3";
			};
			name = Release;
		};
		FAD633F829A4263400FEDA6B /* Debug */ = {
			isa = XCBuildConfiguration;
			buildSettings = {
				ALWAYS_EMBED_SWIFT_STANDARD_LIBRARIES = YES;
				CODE_SIGN_STYLE = Automatic;
				CURRENT_PROJECT_VERSION = 1;
				DEVELOPMENT_TEAM = V35NJL6RKL;
				GENERATE_INFOPLIST_FILE = YES;
				MARKETING_VERSION = 1.0;
				PRODUCT_BUNDLE_IDENTIFIER = test.sprint3UITests;
				PRODUCT_NAME = "$(TARGET_NAME)";
				SWIFT_EMIT_LOC_STRINGS = NO;
				SWIFT_VERSION = 5.0;
				TARGETED_DEVICE_FAMILY = "1,2";
				TEST_TARGET_NAME = sprint3;
			};
			name = Debug;
		};
		FAD633F929A4263400FEDA6B /* Release */ = {
			isa = XCBuildConfiguration;
			buildSettings = {
				ALWAYS_EMBED_SWIFT_STANDARD_LIBRARIES = YES;
				CODE_SIGN_STYLE = Automatic;
				CURRENT_PROJECT_VERSION = 1;
				DEVELOPMENT_TEAM = V35NJL6RKL;
				GENERATE_INFOPLIST_FILE = YES;
				MARKETING_VERSION = 1.0;
				PRODUCT_BUNDLE_IDENTIFIER = test.sprint3UITests;
				PRODUCT_NAME = "$(TARGET_NAME)";
				SWIFT_EMIT_LOC_STRINGS = NO;
				SWIFT_VERSION = 5.0;
				TARGETED_DEVICE_FAMILY = "1,2";
				TEST_TARGET_NAME = sprint3;
			};
			name = Release;
		};
/* End XCBuildConfiguration section */

/* Begin XCConfigurationList section */
		FAD633C229A4263100FEDA6B /* Build configuration list for PBXProject "sprint3" */ = {
			isa = XCConfigurationList;
			buildConfigurations = (
				FAD633EF29A4263400FEDA6B /* Debug */,
				FAD633F029A4263400FEDA6B /* Release */,
			);
			defaultConfigurationIsVisible = 0;
			defaultConfigurationName = Release;
		};
		FAD633F129A4263400FEDA6B /* Build configuration list for PBXNativeTarget "sprint3" */ = {
			isa = XCConfigurationList;
			buildConfigurations = (
				FAD633F229A4263400FEDA6B /* Debug */,
				FAD633F329A4263400FEDA6B /* Release */,
			);
			defaultConfigurationIsVisible = 0;
			defaultConfigurationName = Release;
		};
		FAD633F429A4263400FEDA6B /* Build configuration list for PBXNativeTarget "sprint3Tests" */ = {
			isa = XCConfigurationList;
			buildConfigurations = (
				FAD633F529A4263400FEDA6B /* Debug */,
				FAD633F629A4263400FEDA6B /* Release */,
			);
			defaultConfigurationIsVisible = 0;
			defaultConfigurationName = Release;
		};
		FAD633F729A4263400FEDA6B /* Build configuration list for PBXNativeTarget "sprint3UITests" */ = {
			isa = XCConfigurationList;
			buildConfigurations = (
				FAD633F829A4263400FEDA6B /* Debug */,
				FAD633F929A4263400FEDA6B /* Release */,
			);
			defaultConfigurationIsVisible = 0;
			defaultConfigurationName = Release;
		};
/* End XCConfigurationList section */
	};
	rootObject = FAD633BF29A4263100FEDA6B /* Project object */;
}
